
Microsoft Visual Studio Solution File, Format Version 12.00
# Visual Studio Version 16
VisualStudioVersion = 25.0.1705.0
MinimumVisualStudioVersion = 10.0.40219.1
Project("{FAE04EC0-301F-11D3-BF4B-00C04F79EFBC}") = "Lib", "Lib\Lib.csproj", "{72FA9E20-72AE-4C31-9B4F-DAE85384D0C9}"
EndProject
Project("{FAE04EC0-301F-11D3-BF4B-00C04F79EFBC}") = "StockMarket.Domain", "StockMarket.Domain\StockMarket.Domain.csproj", "{56E8EB28-306C-451F-BAFD-4604F4BD8BF5}"
EndProject
Project("{FAE04EC0-301F-11D3-BF4B-00C04F79EFBC}") = "StockMarket.Domain.Tests", "StockMarket.Domain.Tests\StockMarket.Domain.Tests.csproj", "{159EC6A5-C26D-4F4B-A3DD-6A82006C5304}"
EndProject
Global
	GlobalSection(SolutionConfigurationPlatforms) = preSolution
		Debug|Any CPU = Debug|Any CPU
		Release|Any CPU = Release|Any CPU
	EndGlobalSection
	GlobalSection(ProjectConfigurationPlatforms) = postSolution
		{72FA9E20-72AE-4C31-9B4F-DAE85384D0C9}.Debug|Any CPU.ActiveCfg = Debug|Any CPU
		{72FA9E20-72AE-4C31-9B4F-DAE85384D0C9}.Debug|Any CPU.Build.0 = Debug|Any CPU
		{72FA9E20-72AE-4C31-9B4F-DAE85384D0C9}.Release|Any CPU.ActiveCfg = Release|Any CPU
		{72FA9E20-72AE-4C31-9B4F-DAE85384D0C9}.Release|Any CPU.Build.0 = Release|Any CPU
		{56E8EB28-306C-451F-BAFD-4604F4BD8BF5}.Debug|Any CPU.ActiveCfg = Debug|Any CPU
		{56E8EB28-306C-451F-BAFD-4604F4BD8BF5}.Debug|Any CPU.Build.0 = Debug|Any CPU
		{56E8EB28-306C-451F-BAFD-4604F4BD8BF5}.Release|Any CPU.ActiveCfg = Release|Any CPU
		{56E8EB28-306C-451F-BAFD-4604F4BD8BF5}.Release|Any CPU.Build.0 = Release|Any CPU
		{159EC6A5-C26D-4F4B-A3DD-6A82006C5304}.Debug|Any CPU.ActiveCfg = Debug|Any CPU
		{159EC6A5-C26D-4F4B-A3DD-6A82006C5304}.Debug|Any CPU.Build.0 = Debug|Any CPU
		{159EC6A5-C26D-4F4B-A3DD-6A82006C5304}.Release|Any CPU.ActiveCfg = Release|Any CPU
		{159EC6A5-C26D-4F4B-A3DD-6A82006C5304}.Release|Any CPU.Build.0 = Release|Any CPU
	EndGlobalSection
	GlobalSection(SolutionProperties) = preSolution
		HideSolutionNode = FALSE
	EndGlobalSection
	GlobalSection(ExtensibilityGlobals) = postSolution
		SolutionGuid = {802CE00A-9721-414A-AEC2-7D9A9F9ABEB5}
	EndGlobalSection
EndGlobal
